
Microsoft Visual Studio Solution File, Format Version 12.00
# Visual Studio Version 17
VisualStudioVersion = 17.7.34221.43
MinimumVisualStudioVersion = 10.0.40219.1
Project("{FAE04EC0-301F-11D3-BF4B-00C04F79EFBC}") = "Cargo_Database", "Cargo_Database\Cargo_Database.csproj", "{0693320A-3025-4F3F-9956-754C98BEC0E2}"
EndProject
Global
	GlobalSection(SolutionConfigurationPlatforms) = preSolution
		Debug|Any CPU = Debug|Any CPU
		Release|Any CPU = Release|Any CPU
	EndGlobalSection
	GlobalSection(ProjectConfigurationPlatforms) = postSolution
		{0693320A-3025-4F3F-9956-754C98BEC0E2}.Debug|Any CPU.ActiveCfg = Debug|Any CPU
		{0693320A-3025-4F3F-9956-754C98BEC0E2}.Debug|Any CPU.Build.0 = Debug|Any CPU
		{0693320A-3025-4F3F-9956-754C98BEC0E2}.Release|Any CPU.ActiveCfg = Release|Any CPU
		{0693320A-3025-4F3F-9956-754C98BEC0E2}.Release|Any CPU.Build.0 = Release|Any CPU
	EndGlobalSection
	GlobalSection(SolutionProperties) = preSolution
		HideSolutionNode = FALSE
	EndGlobalSection
	GlobalSection(ExtensibilityGlobals) = postSolution
		SolutionGuid = {16ED322B-51A9-424A-960C-765CB12517A5}
	EndGlobalSection
EndGlobal
